// !$*UTF8*$!
{
	archiveVersion = 1;
	classes = {
	};
	objectVersion = 56;
	objects = {

/* Begin PBXBuildFile section */
		3F0BDAB529DC414300F6638B /* DBFactory.swift in Sources */ = {isa = PBXBuildFile; fileRef = 3F0BDAB429DC414300F6638B /* DBFactory.swift */; };
		3F0BDAB829DC456900F6638B /* PlaceDBController.swift in Sources */ = {isa = PBXBuildFile; fileRef = 3F0BDAB729DC456900F6638B /* PlaceDBController.swift */; };
		3F0BDABA29DD3DD700F6638B /* PricePresentationViewController.swift in Sources */ = {isa = PBXBuildFile; fileRef = 3F0BDAB929DD3DD700F6638B /* PricePresentationViewController.swift */; };
		3F0BDABE29DD659300F6638B /* ControlCenter.swift in Sources */ = {isa = PBXBuildFile; fileRef = 3F0BDABD29DD659300F6638B /* ControlCenter.swift */; };
		3F0BDAC029DD921800F6638B /* ReviewPageViewController.swift in Sources */ = {isa = PBXBuildFile; fileRef = 3F0BDABF29DD921800F6638B /* ReviewPageViewController.swift */; };
		3F0BDAC229DD978900F6638B /* ReviewTableCell.swift in Sources */ = {isa = PBXBuildFile; fileRef = 3F0BDAC129DD978900F6638B /* ReviewTableCell.swift */; };
		3F0BDAC429DD9AC100F6638B /* UIView+Separator.swift in Sources */ = {isa = PBXBuildFile; fileRef = 3F0BDAC329DD9AC100F6638B /* UIView+Separator.swift */; };
		3F0BDAC629DE9E1200F6638B /* FetchableImage.swift in Sources */ = {isa = PBXBuildFile; fileRef = 3F0BDAC529DE9E1200F6638B /* FetchableImage.swift */; };
		3F0BDAC829DE9FF600F6638B /* FetchableImageHelper.swift in Sources */ = {isa = PBXBuildFile; fileRef = 3F0BDAC729DE9FF600F6638B /* FetchableImageHelper.swift */; };
		3F0BDACA29DEF0DD00F6638B /* CustomCollectionViewCell.swift in Sources */ = {isa = PBXBuildFile; fileRef = 3F0BDAC929DEF0DD00F6638B /* CustomCollectionViewCell.swift */; };
		3F0BDAD029E0338F00F6638B /* ReservationConfirmationViewController.swift in Sources */ = {isa = PBXBuildFile; fileRef = 3F0BDACF29E0338F00F6638B /* ReservationConfirmationViewController.swift */; };
		3F0BDAD229E0469600F6638B /* ReservationConfirmCustomCell.swift in Sources */ = {isa = PBXBuildFile; fileRef = 3F0BDAD129E0469600F6638B /* ReservationConfirmCustomCell.swift */; };
		3F0BDAD429E0557F00F6638B /* UIListContentConfiguration+fontConfig.swift in Sources */ = {isa = PBXBuildFile; fileRef = 3F0BDAD329E0557F00F6638B /* UIListContentConfiguration+fontConfig.swift */; };
		3F0BDAD629E061F200F6638B /* UIView+Theme.swift in Sources */ = {isa = PBXBuildFile; fileRef = 3F0BDAD529E061F200F6638B /* UIView+Theme.swift */; };
		3F17E8D129E2EAD50030CC02 /* CustomLoginTextField.swift in Sources */ = {isa = PBXBuildFile; fileRef = 3F17E8D029E2EAD50030CC02 /* CustomLoginTextField.swift */; };
		3F17E8D429E2EB370030CC02 /* LoginTemplateViewController.swift in Sources */ = {isa = PBXBuildFile; fileRef = 3F17E8D329E2EB370030CC02 /* LoginTemplateViewController.swift */; };
		3F17E8D629E2F37A0030CC02 /* CustomPasswordTextField.swift in Sources */ = {isa = PBXBuildFile; fileRef = 3F17E8D529E2F37A0030CC02 /* CustomPasswordTextField.swift */; };
		3F17E8D829E324CC0030CC02 /* LabelWithButtonView.swift in Sources */ = {isa = PBXBuildFile; fileRef = 3F17E8D729E324CC0030CC02 /* LabelWithButtonView.swift */; };
		3F17E8DB29E3E39B0030CC02 /* MyTripViewController.swift in Sources */ = {isa = PBXBuildFile; fileRef = 3F17E8DA29E3E39B0030CC02 /* MyTripViewController.swift */; };
		3F17E8DD29E400F80030CC02 /* PageType.swift in Sources */ = {isa = PBXBuildFile; fileRef = 3F17E8DC29E400F80030CC02 /* PageType.swift */; };
		3F17E8DF29E406820030CC02 /* VisitedPlaceDetailViewController.swift in Sources */ = {isa = PBXBuildFile; fileRef = 3F17E8DE29E406820030CC02 /* VisitedPlaceDetailViewController.swift */; };
		3F17E8E129E440E40030CC02 /* CancelReservationPageViewController.swift in Sources */ = {isa = PBXBuildFile; fileRef = 3F17E8E029E440E40030CC02 /* CancelReservationPageViewController.swift */; };
		3F17E8E429E4DB410030CC02 /* UnreservedPlaceDetailViewController.swift in Sources */ = {isa = PBXBuildFile; fileRef = 3F17E8E329E4DB410030CC02 /* UnreservedPlaceDetailViewController.swift */; };
		3F17E8E629E4DD890030CC02 /* UnvisitedPlaceDetailViewController.swift in Sources */ = {isa = PBXBuildFile; fileRef = 3F17E8E529E4DD890030CC02 /* UnvisitedPlaceDetailViewController.swift */; };
		3F17E8E829E4DDCB0030CC02 /* ReservedPlaceDetailViewController.swift in Sources */ = {isa = PBXBuildFile; fileRef = 3F17E8E729E4DDCB0030CC02 /* ReservedPlaceDetailViewController.swift */; };
		3F17E8EB29E4E9C70030CC02 /* WishListViewController.swift in Sources */ = {isa = PBXBuildFile; fileRef = 3F17E8EA29E4E9C70030CC02 /* WishListViewController.swift */; };
		3F50BAAF29CAFFB900E0D6D4 /* AppDelegate.swift in Sources */ = {isa = PBXBuildFile; fileRef = 3F50BAAE29CAFFB900E0D6D4 /* AppDelegate.swift */; };
		3F50BAB129CAFFB900E0D6D4 /* SceneDelegate.swift in Sources */ = {isa = PBXBuildFile; fileRef = 3F50BAB029CAFFB900E0D6D4 /* SceneDelegate.swift */; };
		3F50BAB329CAFFB900E0D6D4 /* ViewController.swift in Sources */ = {isa = PBXBuildFile; fileRef = 3F50BAB229CAFFB900E0D6D4 /* ViewController.swift */; };
		3F50BAB829CAFFBC00E0D6D4 /* Assets.xcassets in Resources */ = {isa = PBXBuildFile; fileRef = 3F50BAB729CAFFBC00E0D6D4 /* Assets.xcassets */; };
		3F50BABB29CAFFBC00E0D6D4 /* LaunchScreen.storyboard in Resources */ = {isa = PBXBuildFile; fileRef = 3F50BAB929CAFFBC00E0D6D4 /* LaunchScreen.storyboard */; };
		3F50BAC929CB2B9900E0D6D4 /* DatabaseController.swift in Sources */ = {isa = PBXBuildFile; fileRef = 3F50BAC829CB2B9900E0D6D4 /* DatabaseController.swift */; };
		3F50BACB29CB2BB400E0D6D4 /* DatabaseOperation.swift in Sources */ = {isa = PBXBuildFile; fileRef = 3F50BACA29CB2BB400E0D6D4 /* DatabaseOperation.swift */; };
		3F50BACD29CB2DEE00E0D6D4 /* DatabaseOperationDelegate.swift in Sources */ = {isa = PBXBuildFile; fileRef = 3F50BACC29CB2DEE00E0D6D4 /* DatabaseOperationDelegate.swift */; };
		3F50BACF29CC46E500E0D6D4 /* DataHold.swift in Sources */ = {isa = PBXBuildFile; fileRef = 3F50BACE29CC46E500E0D6D4 /* DataHold.swift */; };
		3F50BAD129CC487C00E0D6D4 /* UserDetail.swift in Sources */ = {isa = PBXBuildFile; fileRef = 3F50BAD029CC487C00E0D6D4 /* UserDetail.swift */; };
		3F50BAD329CC48AE00E0D6D4 /* TravelPlaceDetail.swift in Sources */ = {isa = PBXBuildFile; fileRef = 3F50BAD229CC48AE00E0D6D4 /* TravelPlaceDetail.swift */; };
		3F50BAD529CC48D200E0D6D4 /* Amenity.swift in Sources */ = {isa = PBXBuildFile; fileRef = 3F50BAD429CC48D200E0D6D4 /* Amenity.swift */; };
		3F50BAD729CC4A2600E0D6D4 /* Location.swift in Sources */ = {isa = PBXBuildFile; fileRef = 3F50BAD629CC4A2600E0D6D4 /* Location.swift */; };
		3F50BAD929CC4A4800E0D6D4 /* Price.swift in Sources */ = {isa = PBXBuildFile; fileRef = 3F50BAD829CC4A4800E0D6D4 /* Price.swift */; };
		3F50BADB29CC4AC800E0D6D4 /* Review.swift in Sources */ = {isa = PBXBuildFile; fileRef = 3F50BADA29CC4AC800E0D6D4 /* Review.swift */; };
		3F50BADD29CC4D6000E0D6D4 /* BookedTrip.swift in Sources */ = {isa = PBXBuildFile; fileRef = 3F50BADC29CC4D6000E0D6D4 /* BookedTrip.swift */; };
		3F50BADF29CC4E3600E0D6D4 /* Currency.swift in Sources */ = {isa = PBXBuildFile; fileRef = 3F50BADE29CC4E3600E0D6D4 /* Currency.swift */; };
		3F50BAE329CC7A2200E0D6D4 /* Rating.swift in Sources */ = {isa = PBXBuildFile; fileRef = 3F50BAE229CC7A2200E0D6D4 /* Rating.swift */; };
		3F50BAE529CD210500E0D6D4 /* GeneralUtils.swift in Sources */ = {isa = PBXBuildFile; fileRef = 3F50BAE429CD210500E0D6D4 /* GeneralUtils.swift */; };
		3F50BAE929CD673300E0D6D4 /* MainTabViewController.swift in Sources */ = {isa = PBXBuildFile; fileRef = 3F50BAE829CD673300E0D6D4 /* MainTabViewController.swift */; };
		3F50BB0529CDD37400E0D6D4 /* PlaceDetailViewController.swift in Sources */ = {isa = PBXBuildFile; fileRef = 3F50BB0429CDD37400E0D6D4 /* PlaceDetailViewController.swift */; };
		3F50BB0929CF767F00E0D6D4 /* CustomCalenderViewController.swift in Sources */ = {isa = PBXBuildFile; fileRef = 3F50BB0829CF767F00E0D6D4 /* CustomCalenderViewController.swift */; };
		3F50BB0B29D03F4C00E0D6D4 /* AvailabilityDetailView.swift in Sources */ = {isa = PBXBuildFile; fileRef = 3F50BB0A29D03F4C00E0D6D4 /* AvailabilityDetailView.swift */; };
		3F50BB0E29D09FA500E0D6D4 /* ReviewView.swift in Sources */ = {isa = PBXBuildFile; fileRef = 3F50BB0D29D09FA500E0D6D4 /* ReviewView.swift */; };
		3F50BB1429D09FFB00E0D6D4 /* CommonDetailShowView.swift in Sources */ = {isa = PBXBuildFile; fileRef = 3F50BB1329D09FFB00E0D6D4 /* CommonDetailShowView.swift */; };
		3F50BB1629D0A36600E0D6D4 /* RatingView.swift in Sources */ = {isa = PBXBuildFile; fileRef = 3F50BB1529D0A36600E0D6D4 /* RatingView.swift */; };
		3F50BB1829D159BD00E0D6D4 /* ReviewCard.swift in Sources */ = {isa = PBXBuildFile; fileRef = 3F50BB1729D159BD00E0D6D4 /* ReviewCard.swift */; };
		3F50BB1A29D1736000E0D6D4 /* AmenitiesView.swift in Sources */ = {isa = PBXBuildFile; fileRef = 3F50BB1929D1736000E0D6D4 /* AmenitiesView.swift */; };
		3F50BB1C29D19BDE00E0D6D4 /* AmenitiesViewController.swift in Sources */ = {isa = PBXBuildFile; fileRef = 3F50BB1B29D19BDE00E0D6D4 /* AmenitiesViewController.swift */; };
		3F50BB1E29D1B02300E0D6D4 /* CancellationPolicyViewController.swift in Sources */ = {isa = PBXBuildFile; fileRef = 3F50BB1D29D1B02300E0D6D4 /* CancellationPolicyViewController.swift */; };
		3F50BB2029D1B03000E0D6D4 /* HouseRulesViewController.swift in Sources */ = {isa = PBXBuildFile; fileRef = 3F50BB1F29D1B03000E0D6D4 /* HouseRulesViewController.swift */; };
		3F50BB2229D1B04400E0D6D4 /* SafetyAndPropertyViewController.swift in Sources */ = {isa = PBXBuildFile; fileRef = 3F50BB2129D1B04400E0D6D4 /* SafetyAndPropertyViewController.swift */; };
		3F50BB2429D1D27300E0D6D4 /* SectionView.swift in Sources */ = {isa = PBXBuildFile; fileRef = 3F50BB2329D1D27300E0D6D4 /* SectionView.swift */; };
		3F50BB2629D2A61000E0D6D4 /* IconedLabelView.swift in Sources */ = {isa = PBXBuildFile; fileRef = 3F50BB2529D2A61000E0D6D4 /* IconedLabelView.swift */; };
		3F50BB2829D2F18400E0D6D4 /* ReservationViewController.swift in Sources */ = {isa = PBXBuildFile; fileRef = 3F50BB2729D2F18400E0D6D4 /* ReservationViewController.swift */; };
		3F50BB2C29D406C300E0D6D4 /* StackViewWithCornorLabels.swift in Sources */ = {isa = PBXBuildFile; fileRef = 3F50BB2B29D406C300E0D6D4 /* StackViewWithCornorLabels.swift */; };
		3F50BB3729D4647F00E0D6D4 /* UIUtils.swift in Sources */ = {isa = PBXBuildFile; fileRef = 3F50BB3629D4647F00E0D6D4 /* UIUtils.swift */; };
		3F50BB3929D4657600E0D6D4 /* ImageWithLabelViewTableViewCell.swift in Sources */ = {isa = PBXBuildFile; fileRef = 3F50BB3829D4657600E0D6D4 /* ImageWithLabelViewTableViewCell.swift */; };
		3F50BB3B29D465AD00E0D6D4 /* LabelWithButtonViewTableViewCell.swift in Sources */ = {isa = PBXBuildFile; fileRef = 3F50BB3A29D465AD00E0D6D4 /* LabelWithButtonViewTableViewCell.swift */; };
		3F50BB3D29D53F1700E0D6D4 /* ExplorePageViewController.swift in Sources */ = {isa = PBXBuildFile; fileRef = 3F50BB3C29D53F1700E0D6D4 /* ExplorePageViewController.swift */; };
		3F50BB3F29D53FF200E0D6D4 /* ImagesDisplayCollectionView.swift in Sources */ = {isa = PBXBuildFile; fileRef = 3F50BB3E29D53FF200E0D6D4 /* ImagesDisplayCollectionView.swift */; };
		3F50BB4129D543B300E0D6D4 /* PlaceDetailCardView.swift in Sources */ = {isa = PBXBuildFile; fileRef = 3F50BB4029D543B300E0D6D4 /* PlaceDetailCardView.swift */; };
		3F50BB4329D55CC600E0D6D4 /* Constants.swift in Sources */ = {isa = PBXBuildFile; fileRef = 3F50BB4229D55CC600E0D6D4 /* Constants.swift */; };
		3F50BB4729D597DF00E0D6D4 /* UIButton+underline.swift in Sources */ = {isa = PBXBuildFile; fileRef = 3F50BB4629D597DF00E0D6D4 /* UIButton+underline.swift */; };
		3F50BB4929D598B400E0D6D4 /* UILabel+underline.swift in Sources */ = {isa = PBXBuildFile; fileRef = 3F50BB4829D598B400E0D6D4 /* UILabel+underline.swift */; };
		3F50BB4C29D59FC600E0D6D4 /* UILabel+fontConfig.swift in Sources */ = {isa = PBXBuildFile; fileRef = 3F50BB4B29D59FC600E0D6D4 /* UILabel+fontConfig.swift */; };
		3F50BB4E29D5B3A300E0D6D4 /* UITextView+fontConfig.swift in Sources */ = {isa = PBXBuildFile; fileRef = 3F50BB4D29D5B3A300E0D6D4 /* UITextView+fontConfig.swift */; };
		3F50BB5029D6945700E0D6D4 /* UIView+configCustomTheme.swift in Sources */ = {isa = PBXBuildFile; fileRef = 3F50BB4F29D6945700E0D6D4 /* UIView+configCustomTheme.swift */; };
		3F50BB5229D696BA00E0D6D4 /* SqliteWrapper.swift in Sources */ = {isa = PBXBuildFile; fileRef = 3F50BB5129D696B900E0D6D4 /* SqliteWrapper.swift */; };
		3F50BB5429D69D4500E0D6D4 /* FieldDetail.swift in Sources */ = {isa = PBXBuildFile; fileRef = 3F50BB5329D69D4500E0D6D4 /* FieldDetail.swift */; };
		3F50BB5629D69D8A00E0D6D4 /* FieldType.swift in Sources */ = {isa = PBXBuildFile; fileRef = 3F50BB5529D69D8A00E0D6D4 /* FieldType.swift */; };
		3F50BB5829D6A42500E0D6D4 /* FieldWithValue.swift in Sources */ = {isa = PBXBuildFile; fileRef = 3F50BB5729D6A42500E0D6D4 /* FieldWithValue.swift */; };
		3F50BB5A29D6A4D900E0D6D4 /* QueryCondition.swift in Sources */ = {isa = PBXBuildFile; fileRef = 3F50BB5929D6A4D900E0D6D4 /* QueryCondition.swift */; };
		3F50BB5C29D6A53500E0D6D4 /* EqualityOperator.swift in Sources */ = {isa = PBXBuildFile; fileRef = 3F50BB5B29D6A53500E0D6D4 /* EqualityOperator.swift */; };
		3F531C1F29E5A0DD0043185C /* PriceDetails.swift in Sources */ = {isa = PBXBuildFile; fileRef = 3F531C1E29E5A0DD0043185C /* PriceDetails.swift */; };
		3F531C2129E5B8170043185C /* UIButton+addBorder.swift in Sources */ = {isa = PBXBuildFile; fileRef = 3F531C2029E5B8170043185C /* UIButton+addBorder.swift */; };
		3F531C2329E5C4490043185C /* RatingAndReviewViewController.swift in Sources */ = {isa = PBXBuildFile; fileRef = 3F531C2229E5C4490043185C /* RatingAndReviewViewController.swift */; };
		3F531C2A29E819500043185C /* ProfileHeaderView.swift in Sources */ = {isa = PBXBuildFile; fileRef = 3F531C2929E819500043185C /* ProfileHeaderView.swift */; };
		3F531C2C29E81BE70043185C /* ProfileViewController.swift in Sources */ = {isa = PBXBuildFile; fileRef = 3F531C2B29E81BE70043185C /* ProfileViewController.swift */; };
		3F531C2E29E9A7C00043185C /* CurrencyViewController.swift in Sources */ = {isa = PBXBuildFile; fileRef = 3F531C2D29E9A7C00043185C /* CurrencyViewController.swift */; };
		3F531C3029E9BACE0043185C /* InformationViewController.swift in Sources */ = {isa = PBXBuildFile; fileRef = 3F531C2F29E9BACE0043185C /* InformationViewController.swift */; };
		3F531C3229E9D25E0043185C /* SearchViewController.swift in Sources */ = {isa = PBXBuildFile; fileRef = 3F531C3129E9D25E0043185C /* SearchViewController.swift */; };
		3F531C3429E9DAF80043185C /* AvailabilityCalenderViewController.swift in Sources */ = {isa = PBXBuildFile; fileRef = 3F531C3329E9DAF80043185C /* AvailabilityCalenderViewController.swift */; };
		3F531C3629E9EAF90043185C /* CustomStepperView.swift in Sources */ = {isa = PBXBuildFile; fileRef = 3F531C3529E9EAF90043185C /* CustomStepperView.swift */; };
		3F531C3A29EA94160043185C /* WhereSearchBarViewController.swift in Sources */ = {isa = PBXBuildFile; fileRef = 3F531C3929EA94160043185C /* WhereSearchBarViewController.swift */; };
/* End PBXBuildFile section */

/* Begin PBXFileReference section */
		3F0BDAB429DC414300F6638B /* DBFactory.swift */ = {isa = PBXFileReference; lastKnownFileType = sourcecode.swift; path = DBFactory.swift; sourceTree = "<group>"; };
		3F0BDAB729DC456900F6638B /* PlaceDBController.swift */ = {isa = PBXFileReference; lastKnownFileType = sourcecode.swift; path = PlaceDBController.swift; sourceTree = "<group>"; };
		3F0BDAB929DD3DD700F6638B /* PricePresentationViewController.swift */ = {isa = PBXFileReference; lastKnownFileType = sourcecode.swift; path = PricePresentationViewController.swift; sourceTree = "<group>"; };
		3F0BDABD29DD659300F6638B /* ControlCenter.swift */ = {isa = PBXFileReference; lastKnownFileType = sourcecode.swift; path = ControlCenter.swift; sourceTree = "<group>"; };
		3F0BDABF29DD921800F6638B /* ReviewPageViewController.swift */ = {isa = PBXFileReference; lastKnownFileType = sourcecode.swift; path = ReviewPageViewController.swift; sourceTree = "<group>"; };
		3F0BDAC129DD978900F6638B /* ReviewTableCell.swift */ = {isa = PBXFileReference; lastKnownFileType = sourcecode.swift; path = ReviewTableCell.swift; sourceTree = "<group>"; };
		3F0BDAC329DD9AC100F6638B /* UIView+Separator.swift */ = {isa = PBXFileReference; lastKnownFileType = sourcecode.swift; path = "UIView+Separator.swift"; sourceTree = "<group>"; };
		3F0BDAC529DE9E1200F6638B /* FetchableImage.swift */ = {isa = PBXFileReference; lastKnownFileType = sourcecode.swift; path = FetchableImage.swift; sourceTree = "<group>"; };
		3F0BDAC729DE9FF600F6638B /* FetchableImageHelper.swift */ = {isa = PBXFileReference; lastKnownFileType = sourcecode.swift; path = FetchableImageHelper.swift; sourceTree = "<group>"; };
		3F0BDAC929DEF0DD00F6638B /* CustomCollectionViewCell.swift */ = {isa = PBXFileReference; lastKnownFileType = sourcecode.swift; path = CustomCollectionViewCell.swift; sourceTree = "<group>"; };
		3F0BDACF29E0338F00F6638B /* ReservationConfirmationViewController.swift */ = {isa = PBXFileReference; lastKnownFileType = sourcecode.swift; path = ReservationConfirmationViewController.swift; sourceTree = "<group>"; };
		3F0BDAD129E0469600F6638B /* ReservationConfirmCustomCell.swift */ = {isa = PBXFileReference; lastKnownFileType = sourcecode.swift; path = ReservationConfirmCustomCell.swift; sourceTree = "<group>"; };
		3F0BDAD329E0557F00F6638B /* UIListContentConfiguration+fontConfig.swift */ = {isa = PBXFileReference; lastKnownFileType = sourcecode.swift; path = "UIListContentConfiguration+fontConfig.swift"; sourceTree = "<group>"; };
		3F0BDAD529E061F200F6638B /* UIView+Theme.swift */ = {isa = PBXFileReference; lastKnownFileType = sourcecode.swift; path = "UIView+Theme.swift"; sourceTree = "<group>"; };
		3F17E8D029E2EAD50030CC02 /* CustomLoginTextField.swift */ = {isa = PBXFileReference; lastKnownFileType = sourcecode.swift; path = CustomLoginTextField.swift; sourceTree = "<group>"; };
		3F17E8D329E2EB370030CC02 /* LoginTemplateViewController.swift */ = {isa = PBXFileReference; lastKnownFileType = sourcecode.swift; path = LoginTemplateViewController.swift; sourceTree = "<group>"; };
		3F17E8D529E2F37A0030CC02 /* CustomPasswordTextField.swift */ = {isa = PBXFileReference; lastKnownFileType = sourcecode.swift; path = CustomPasswordTextField.swift; sourceTree = "<group>"; };
		3F17E8D729E324CC0030CC02 /* LabelWithButtonView.swift */ = {isa = PBXFileReference; lastKnownFileType = sourcecode.swift; path = LabelWithButtonView.swift; sourceTree = "<group>"; };
		3F17E8DA29E3E39B0030CC02 /* MyTripViewController.swift */ = {isa = PBXFileReference; lastKnownFileType = sourcecode.swift; path = MyTripViewController.swift; sourceTree = "<group>"; };
		3F17E8DC29E400F80030CC02 /* PageType.swift */ = {isa = PBXFileReference; lastKnownFileType = sourcecode.swift; path = PageType.swift; sourceTree = "<group>"; };
		3F17E8DE29E406820030CC02 /* VisitedPlaceDetailViewController.swift */ = {isa = PBXFileReference; lastKnownFileType = sourcecode.swift; path = VisitedPlaceDetailViewController.swift; sourceTree = "<group>"; };
		3F17E8E029E440E40030CC02 /* CancelReservationPageViewController.swift */ = {isa = PBXFileReference; lastKnownFileType = sourcecode.swift; path = CancelReservationPageViewController.swift; sourceTree = "<group>"; };
		3F17E8E329E4DB410030CC02 /* UnreservedPlaceDetailViewController.swift */ = {isa = PBXFileReference; lastKnownFileType = sourcecode.swift; path = UnreservedPlaceDetailViewController.swift; sourceTree = "<group>"; };
		3F17E8E529E4DD890030CC02 /* UnvisitedPlaceDetailViewController.swift */ = {isa = PBXFileReference; lastKnownFileType = sourcecode.swift; path = UnvisitedPlaceDetailViewController.swift; sourceTree = "<group>"; };
		3F17E8E729E4DDCB0030CC02 /* ReservedPlaceDetailViewController.swift */ = {isa = PBXFileReference; lastKnownFileType = sourcecode.swift; path = ReservedPlaceDetailViewController.swift; sourceTree = "<group>"; };
		3F17E8EA29E4E9C70030CC02 /* WishListViewController.swift */ = {isa = PBXFileReference; lastKnownFileType = sourcecode.swift; path = WishListViewController.swift; sourceTree = "<group>"; };
		3F50BAAB29CAFFB900E0D6D4 /* Xplore.app */ = {isa = PBXFileReference; explicitFileType = wrapper.application; includeInIndex = 0; path = Xplore.app; sourceTree = BUILT_PRODUCTS_DIR; };
		3F50BAAE29CAFFB900E0D6D4 /* AppDelegate.swift */ = {isa = PBXFileReference; lastKnownFileType = sourcecode.swift; path = AppDelegate.swift; sourceTree = "<group>"; };
		3F50BAB029CAFFB900E0D6D4 /* SceneDelegate.swift */ = {isa = PBXFileReference; lastKnownFileType = sourcecode.swift; path = SceneDelegate.swift; sourceTree = "<group>"; };
		3F50BAB229CAFFB900E0D6D4 /* ViewController.swift */ = {isa = PBXFileReference; lastKnownFileType = sourcecode.swift; path = ViewController.swift; sourceTree = "<group>"; };
		3F50BAB729CAFFBC00E0D6D4 /* Assets.xcassets */ = {isa = PBXFileReference; lastKnownFileType = folder.assetcatalog; path = Assets.xcassets; sourceTree = "<group>"; };
		3F50BABA29CAFFBC00E0D6D4 /* Base */ = {isa = PBXFileReference; lastKnownFileType = file.storyboard; name = Base; path = Base.lproj/LaunchScreen.storyboard; sourceTree = "<group>"; };
		3F50BABC29CAFFBC00E0D6D4 /* Info.plist */ = {isa = PBXFileReference; lastKnownFileType = text.plist.xml; path = Info.plist; sourceTree = "<group>"; };
		3F50BAC829CB2B9900E0D6D4 /* DatabaseController.swift */ = {isa = PBXFileReference; lastKnownFileType = sourcecode.swift; path = DatabaseController.swift; sourceTree = "<group>"; };
		3F50BACA29CB2BB400E0D6D4 /* DatabaseOperation.swift */ = {isa = PBXFileReference; lastKnownFileType = sourcecode.swift; path = DatabaseOperation.swift; sourceTree = "<group>"; };
		3F50BACC29CB2DEE00E0D6D4 /* DatabaseOperationDelegate.swift */ = {isa = PBXFileReference; lastKnownFileType = sourcecode.swift; path = DatabaseOperationDelegate.swift; sourceTree = "<group>"; };
		3F50BACE29CC46E500E0D6D4 /* DataHold.swift */ = {isa = PBXFileReference; lastKnownFileType = sourcecode.swift; path = DataHold.swift; sourceTree = "<group>"; };
		3F50BAD029CC487C00E0D6D4 /* UserDetail.swift */ = {isa = PBXFileReference; lastKnownFileType = sourcecode.swift; path = UserDetail.swift; sourceTree = "<group>"; };
		3F50BAD229CC48AE00E0D6D4 /* TravelPlaceDetail.swift */ = {isa = PBXFileReference; lastKnownFileType = sourcecode.swift; path = TravelPlaceDetail.swift; sourceTree = "<group>"; };
		3F50BAD429CC48D200E0D6D4 /* Amenity.swift */ = {isa = PBXFileReference; lastKnownFileType = sourcecode.swift; path = Amenity.swift; sourceTree = "<group>"; };
		3F50BAD629CC4A2600E0D6D4 /* Location.swift */ = {isa = PBXFileReference; lastKnownFileType = sourcecode.swift; path = Location.swift; sourceTree = "<group>"; };
		3F50BAD829CC4A4800E0D6D4 /* Price.swift */ = {isa = PBXFileReference; lastKnownFileType = sourcecode.swift; path = Price.swift; sourceTree = "<group>"; };
		3F50BADA29CC4AC800E0D6D4 /* Review.swift */ = {isa = PBXFileReference; lastKnownFileType = sourcecode.swift; path = Review.swift; sourceTree = "<group>"; };
		3F50BADC29CC4D6000E0D6D4 /* BookedTrip.swift */ = {isa = PBXFileReference; lastKnownFileType = sourcecode.swift; path = BookedTrip.swift; sourceTree = "<group>"; };
		3F50BADE29CC4E3600E0D6D4 /* Currency.swift */ = {isa = PBXFileReference; lastKnownFileType = sourcecode.swift; path = Currency.swift; sourceTree = "<group>"; };
		3F50BAE229CC7A2200E0D6D4 /* Rating.swift */ = {isa = PBXFileReference; lastKnownFileType = sourcecode.swift; path = Rating.swift; sourceTree = "<group>"; };
		3F50BAE429CD210500E0D6D4 /* GeneralUtils.swift */ = {isa = PBXFileReference; lastKnownFileType = sourcecode.swift; path = GeneralUtils.swift; sourceTree = "<group>"; };
		3F50BAE829CD673300E0D6D4 /* MainTabViewController.swift */ = {isa = PBXFileReference; lastKnownFileType = sourcecode.swift; path = MainTabViewController.swift; sourceTree = "<group>"; };
		3F50BB0429CDD37400E0D6D4 /* PlaceDetailViewController.swift */ = {isa = PBXFileReference; lastKnownFileType = sourcecode.swift; path = PlaceDetailViewController.swift; sourceTree = "<group>"; };
		3F50BB0829CF767F00E0D6D4 /* CustomCalenderViewController.swift */ = {isa = PBXFileReference; lastKnownFileType = sourcecode.swift; path = CustomCalenderViewController.swift; sourceTree = "<group>"; };
		3F50BB0A29D03F4C00E0D6D4 /* AvailabilityDetailView.swift */ = {isa = PBXFileReference; lastKnownFileType = sourcecode.swift; path = AvailabilityDetailView.swift; sourceTree = "<group>"; };
		3F50BB0D29D09FA500E0D6D4 /* ReviewView.swift */ = {isa = PBXFileReference; lastKnownFileType = sourcecode.swift; path = ReviewView.swift; sourceTree = "<group>"; };
		3F50BB1329D09FFB00E0D6D4 /* CommonDetailShowView.swift */ = {isa = PBXFileReference; lastKnownFileType = sourcecode.swift; path = CommonDetailShowView.swift; sourceTree = "<group>"; };
		3F50BB1529D0A36600E0D6D4 /* RatingView.swift */ = {isa = PBXFileReference; lastKnownFileType = sourcecode.swift; path = RatingView.swift; sourceTree = "<group>"; };
		3F50BB1729D159BD00E0D6D4 /* ReviewCard.swift */ = {isa = PBXFileReference; lastKnownFileType = sourcecode.swift; path = ReviewCard.swift; sourceTree = "<group>"; };
		3F50BB1929D1736000E0D6D4 /* AmenitiesView.swift */ = {isa = PBXFileReference; lastKnownFileType = sourcecode.swift; path = AmenitiesView.swift; sourceTree = "<group>"; };
		3F50BB1B29D19BDE00E0D6D4 /* AmenitiesViewController.swift */ = {isa = PBXFileReference; lastKnownFileType = sourcecode.swift; path = AmenitiesViewController.swift; sourceTree = "<group>"; };
		3F50BB1D29D1B02300E0D6D4 /* CancellationPolicyViewController.swift */ = {isa = PBXFileReference; lastKnownFileType = sourcecode.swift; path = CancellationPolicyViewController.swift; sourceTree = "<group>"; };
		3F50BB1F29D1B03000E0D6D4 /* HouseRulesViewController.swift */ = {isa = PBXFileReference; lastKnownFileType = sourcecode.swift; path = HouseRulesViewController.swift; sourceTree = "<group>"; };
		3F50BB2129D1B04400E0D6D4 /* SafetyAndPropertyViewController.swift */ = {isa = PBXFileReference; lastKnownFileType = sourcecode.swift; path = SafetyAndPropertyViewController.swift; sourceTree = "<group>"; };
		3F50BB2329D1D27300E0D6D4 /* SectionView.swift */ = {isa = PBXFileReference; lastKnownFileType = sourcecode.swift; path = SectionView.swift; sourceTree = "<group>"; };
		3F50BB2529D2A61000E0D6D4 /* IconedLabelView.swift */ = {isa = PBXFileReference; lastKnownFileType = sourcecode.swift; path = IconedLabelView.swift; sourceTree = "<group>"; };
		3F50BB2729D2F18400E0D6D4 /* ReservationViewController.swift */ = {isa = PBXFileReference; lastKnownFileType = sourcecode.swift; path = ReservationViewController.swift; sourceTree = "<group>"; };
		3F50BB2B29D406C300E0D6D4 /* StackViewWithCornorLabels.swift */ = {isa = PBXFileReference; lastKnownFileType = sourcecode.swift; path = StackViewWithCornorLabels.swift; sourceTree = "<group>"; };
		3F50BB3629D4647F00E0D6D4 /* UIUtils.swift */ = {isa = PBXFileReference; lastKnownFileType = sourcecode.swift; path = UIUtils.swift; sourceTree = "<group>"; };
		3F50BB3829D4657600E0D6D4 /* ImageWithLabelViewTableViewCell.swift */ = {isa = PBXFileReference; lastKnownFileType = sourcecode.swift; path = ImageWithLabelViewTableViewCell.swift; sourceTree = "<group>"; };
		3F50BB3A29D465AD00E0D6D4 /* LabelWithButtonViewTableViewCell.swift */ = {isa = PBXFileReference; lastKnownFileType = sourcecode.swift; path = LabelWithButtonViewTableViewCell.swift; sourceTree = "<group>"; };
		3F50BB3C29D53F1700E0D6D4 /* ExplorePageViewController.swift */ = {isa = PBXFileReference; lastKnownFileType = sourcecode.swift; path = ExplorePageViewController.swift; sourceTree = "<group>"; };
		3F50BB3E29D53FF200E0D6D4 /* ImagesDisplayCollectionView.swift */ = {isa = PBXFileReference; lastKnownFileType = sourcecode.swift; path = ImagesDisplayCollectionView.swift; sourceTree = "<group>"; };
		3F50BB4029D543B300E0D6D4 /* PlaceDetailCardView.swift */ = {isa = PBXFileReference; lastKnownFileType = sourcecode.swift; path = PlaceDetailCardView.swift; sourceTree = "<group>"; };
		3F50BB4229D55CC600E0D6D4 /* Constants.swift */ = {isa = PBXFileReference; lastKnownFileType = sourcecode.swift; path = Constants.swift; sourceTree = "<group>"; };
		3F50BB4629D597DF00E0D6D4 /* UIButton+underline.swift */ = {isa = PBXFileReference; lastKnownFileType = sourcecode.swift; path = "UIButton+underline.swift"; sourceTree = "<group>"; };
		3F50BB4829D598B400E0D6D4 /* UILabel+underline.swift */ = {isa = PBXFileReference; lastKnownFileType = sourcecode.swift; path = "UILabel+underline.swift"; sourceTree = "<group>"; };
		3F50BB4B29D59FC600E0D6D4 /* UILabel+fontConfig.swift */ = {isa = PBXFileReference; lastKnownFileType = sourcecode.swift; path = "UILabel+fontConfig.swift"; sourceTree = "<group>"; };
		3F50BB4D29D5B3A300E0D6D4 /* UITextView+fontConfig.swift */ = {isa = PBXFileReference; lastKnownFileType = sourcecode.swift; path = "UITextView+fontConfig.swift"; sourceTree = "<group>"; };
		3F50BB4F29D6945700E0D6D4 /* UIView+configCustomTheme.swift */ = {isa = PBXFileReference; lastKnownFileType = sourcecode.swift; path = "UIView+configCustomTheme.swift"; sourceTree = "<group>"; };
		3F50BB5129D696B900E0D6D4 /* SqliteWrapper.swift */ = {isa = PBXFileReference; lastKnownFileType = sourcecode.swift; path = SqliteWrapper.swift; sourceTree = "<group>"; };
		3F50BB5329D69D4500E0D6D4 /* FieldDetail.swift */ = {isa = PBXFileReference; lastKnownFileType = sourcecode.swift; path = FieldDetail.swift; sourceTree = "<group>"; };
		3F50BB5529D69D8A00E0D6D4 /* FieldType.swift */ = {isa = PBXFileReference; lastKnownFileType = sourcecode.swift; path = FieldType.swift; sourceTree = "<group>"; };
		3F50BB5729D6A42500E0D6D4 /* FieldWithValue.swift */ = {isa = PBXFileReference; lastKnownFileType = sourcecode.swift; path = FieldWithValue.swift; sourceTree = "<group>"; };
		3F50BB5929D6A4D900E0D6D4 /* QueryCondition.swift */ = {isa = PBXFileReference; lastKnownFileType = sourcecode.swift; path = QueryCondition.swift; sourceTree = "<group>"; };
		3F50BB5B29D6A53500E0D6D4 /* EqualityOperator.swift */ = {isa = PBXFileReference; lastKnownFileType = sourcecode.swift; path = EqualityOperator.swift; sourceTree = "<group>"; };
		3F531C1E29E5A0DD0043185C /* PriceDetails.swift */ = {isa = PBXFileReference; lastKnownFileType = sourcecode.swift; path = PriceDetails.swift; sourceTree = "<group>"; };
		3F531C2029E5B8170043185C /* UIButton+addBorder.swift */ = {isa = PBXFileReference; lastKnownFileType = sourcecode.swift; path = "UIButton+addBorder.swift"; sourceTree = "<group>"; };
		3F531C2229E5C4490043185C /* RatingAndReviewViewController.swift */ = {isa = PBXFileReference; lastKnownFileType = sourcecode.swift; path = RatingAndReviewViewController.swift; sourceTree = "<group>"; };
		3F531C2929E819500043185C /* ProfileHeaderView.swift */ = {isa = PBXFileReference; lastKnownFileType = sourcecode.swift; path = ProfileHeaderView.swift; sourceTree = "<group>"; };
		3F531C2B29E81BE70043185C /* ProfileViewController.swift */ = {isa = PBXFileReference; lastKnownFileType = sourcecode.swift; path = ProfileViewController.swift; sourceTree = "<group>"; };
		3F531C2D29E9A7C00043185C /* CurrencyViewController.swift */ = {isa = PBXFileReference; lastKnownFileType = sourcecode.swift; path = CurrencyViewController.swift; sourceTree = "<group>"; };
		3F531C2F29E9BACE0043185C /* InformationViewController.swift */ = {isa = PBXFileReference; lastKnownFileType = sourcecode.swift; path = InformationViewController.swift; sourceTree = "<group>"; };
		3F531C3129E9D25E0043185C /* SearchViewController.swift */ = {isa = PBXFileReference; lastKnownFileType = sourcecode.swift; path = SearchViewController.swift; sourceTree = "<group>"; };
		3F531C3329E9DAF80043185C /* AvailabilityCalenderViewController.swift */ = {isa = PBXFileReference; lastKnownFileType = sourcecode.swift; path = AvailabilityCalenderViewController.swift; sourceTree = "<group>"; };
		3F531C3529E9EAF90043185C /* CustomStepperView.swift */ = {isa = PBXFileReference; lastKnownFileType = sourcecode.swift; path = CustomStepperView.swift; sourceTree = "<group>"; };
		3F531C3929EA94160043185C /* WhereSearchBarViewController.swift */ = {isa = PBXFileReference; lastKnownFileType = sourcecode.swift; path = WhereSearchBarViewController.swift; sourceTree = "<group>"; };
/* End PBXFileReference section */

/* Begin PBXFrameworksBuildPhase section */
		3F50BAA829CAFFB900E0D6D4 /* Frameworks */ = {
			isa = PBXFrameworksBuildPhase;
			buildActionMask = 2147483647;
			files = (
			);
			runOnlyForDeploymentPostprocessing = 0;
		};
/* End PBXFrameworksBuildPhase section */

/* Begin PBXGroup section */
		3F0BDAB629DC454100F6638B /* Protocols */ = {
			isa = PBXGroup;
			children = (
				3F50BACC29CB2DEE00E0D6D4 /* DatabaseOperationDelegate.swift */,
				3F0BDAB729DC456900F6638B /* PlaceDBController.swift */,
				3F0BDAC529DE9E1200F6638B /* FetchableImage.swift */,
			);
			path = Protocols;
			sourceTree = "<group>";
		};
		3F17E8CF29E2EAB00030CC02 /* Login */ = {
			isa = PBXGroup;
			children = (
				3F17E8D029E2EAD50030CC02 /* CustomLoginTextField.swift */,
				3F17E8D529E2F37A0030CC02 /* CustomPasswordTextField.swift */,
				3F17E8D729E324CC0030CC02 /* LabelWithButtonView.swift */,
			);
			path = Login;
			sourceTree = "<group>";
		};
		3F17E8D229E2EB160030CC02 /* Login */ = {
			isa = PBXGroup;
			children = (
				3F17E8D329E2EB370030CC02 /* LoginTemplateViewController.swift */,
			);
			path = Login;
			sourceTree = "<group>";
		};
		3F17E8D929E3E1810030CC02 /* My Trip */ = {
			isa = PBXGroup;
			children = (
				3F17E8DA29E3E39B0030CC02 /* MyTripViewController.swift */,
				3F17E8DE29E406820030CC02 /* VisitedPlaceDetailViewController.swift */,
				3F17E8E029E440E40030CC02 /* CancelReservationPageViewController.swift */,
				3F531C2229E5C4490043185C /* RatingAndReviewViewController.swift */,
			);
			path = "My Trip";
			sourceTree = "<group>";
		};
		3F17E8E229E4DAE30030CC02 /* SubVcs */ = {
			isa = PBXGroup;
			children = (
				3F50BB0829CF767F00E0D6D4 /* CustomCalenderViewController.swift */,
				3F50BB1D29D1B02300E0D6D4 /* CancellationPolicyViewController.swift */,
				3F50BB1F29D1B03000E0D6D4 /* HouseRulesViewController.swift */,
				3F50BB1B29D19BDE00E0D6D4 /* AmenitiesViewController.swift */,
				3F50BB2129D1B04400E0D6D4 /* SafetyAndPropertyViewController.swift */,
				3F0BDABF29DD921800F6638B /* ReviewPageViewController.swift */,
				3F531C3329E9DAF80043185C /* AvailabilityCalenderViewController.swift */,
			);
			path = SubVcs;
			sourceTree = "<group>";
		};
		3F17E8E929E4E9B50030CC02 /* WishList */ = {
			isa = PBXGroup;
			children = (
				3F17E8EA29E4E9C70030CC02 /* WishListViewController.swift */,
			);
			path = WishList;
			sourceTree = "<group>";
		};
		3F50BAA229CAFFB900E0D6D4 = {
			isa = PBXGroup;
			children = (
				3F50BAAD29CAFFB900E0D6D4 /* Xplore */,
				3F50BAAC29CAFFB900E0D6D4 /* Products */,
			);
			sourceTree = "<group>";
		};
		3F50BAAC29CAFFB900E0D6D4 /* Products */ = {
			isa = PBXGroup;
			children = (
				3F50BAAB29CAFFB900E0D6D4 /* Xplore.app */,
			);
			name = Products;
			sourceTree = "<group>";
		};
		3F50BAAD29CAFFB900E0D6D4 /* Xplore */ = {
			isa = PBXGroup;
			children = (
				3F50BB4529D5977800E0D6D4 /* Extensions */,
				3F50BB0C29D03F5800E0D6D4 /* Views */,
				3F50BAE729CD66A400E0D6D4 /* View Controllers */,
				3F50BAE629CD22F900E0D6D4 /* Utility */,
				3F50BAC229CB010D00E0D6D4 /* Models */,
				3F50BAC329CB012400E0D6D4 /* DatabaseControl */,
				3F50BAAE29CAFFB900E0D6D4 /* AppDelegate.swift */,
				3F50BAB029CAFFB900E0D6D4 /* SceneDelegate.swift */,
				3F50BAB229CAFFB900E0D6D4 /* ViewController.swift */,
				3F50BAB729CAFFBC00E0D6D4 /* Assets.xcassets */,
				3F50BAB929CAFFBC00E0D6D4 /* LaunchScreen.storyboard */,
				3F50BABC29CAFFBC00E0D6D4 /* Info.plist */,
			);
			path = Xplore;
			sourceTree = "<group>";
		};
		3F50BAC229CB010D00E0D6D4 /* Models */ = {
			isa = PBXGroup;
			children = (
				3F50BAD029CC487C00E0D6D4 /* UserDetail.swift */,
				3F50BAD229CC48AE00E0D6D4 /* TravelPlaceDetail.swift */,
				3F50BAD429CC48D200E0D6D4 /* Amenity.swift */,
				3F50BAD629CC4A2600E0D6D4 /* Location.swift */,
				3F50BAD829CC4A4800E0D6D4 /* Price.swift */,
				3F50BADA29CC4AC800E0D6D4 /* Review.swift */,
				3F50BADC29CC4D6000E0D6D4 /* BookedTrip.swift */,
				3F50BADE29CC4E3600E0D6D4 /* Currency.swift */,
				3F50BAE229CC7A2200E0D6D4 /* Rating.swift */,
				3F50BB5329D69D4500E0D6D4 /* FieldDetail.swift */,
				3F50BB5529D69D8A00E0D6D4 /* FieldType.swift */,
				3F50BB5729D6A42500E0D6D4 /* FieldWithValue.swift */,
				3F50BB5929D6A4D900E0D6D4 /* QueryCondition.swift */,
				3F50BB5B29D6A53500E0D6D4 /* EqualityOperator.swift */,
				3F17E8DC29E400F80030CC02 /* PageType.swift */,
			);
			path = Models;
			sourceTree = "<group>";
		};
		3F50BAC329CB012400E0D6D4 /* DatabaseControl */ = {
			isa = PBXGroup;
			children = (
				3F0BDAB629DC454100F6638B /* Protocols */,
				3F50BAC829CB2B9900E0D6D4 /* DatabaseController.swift */,
				3F50BACA29CB2BB400E0D6D4 /* DatabaseOperation.swift */,
				3F50BACE29CC46E500E0D6D4 /* DataHold.swift */,
				3F50BB5129D696B900E0D6D4 /* SqliteWrapper.swift */,
				3F0BDAB429DC414300F6638B /* DBFactory.swift */,
				3F0BDAC729DE9FF600F6638B /* FetchableImageHelper.swift */,
			);
			path = DatabaseControl;
			sourceTree = "<group>";
		};
		3F50BAE629CD22F900E0D6D4 /* Utility */ = {
			isa = PBXGroup;
			children = (
				3F50BAE429CD210500E0D6D4 /* GeneralUtils.swift */,
				3F50BB3629D4647F00E0D6D4 /* UIUtils.swift */,
				3F50BB4229D55CC600E0D6D4 /* Constants.swift */,
				3F0BDABD29DD659300F6638B /* ControlCenter.swift */,
			);
			path = Utility;
			sourceTree = "<group>";
		};
		3F50BAE729CD66A400E0D6D4 /* View Controllers */ = {
			isa = PBXGroup;
			children = (
				3F531C2729E818E40043185C /* Profile */,
				3F17E8E929E4E9B50030CC02 /* WishList */,
				3F17E8D929E3E1810030CC02 /* My Trip */,
				3F17E8D229E2EB160030CC02 /* Login */,
				3F50BB3529D4639800E0D6D4 /* Explore Page */,
				3F50BB3429D4636200E0D6D4 /* Place Details View */,
				3F50BB3129D462FE00E0D6D4 /* Reservation Page */,
				3F50BAE829CD673300E0D6D4 /* MainTabViewController.swift */,
			);
			path = "View Controllers";
			sourceTree = "<group>";
		};
		3F50BB0C29D03F5800E0D6D4 /* Views */ = {
			isa = PBXGroup;
			children = (
				3F531C2829E819300043185C /* Profile */,
				3F531C2429E5C9F30043185C /* Rating */,
				3F17E8CF29E2EAB00030CC02 /* Login */,
				3F50BB4A29D59DAB00E0D6D4 /* PlaceDetailsView */,
				3F50BB4429D57FD100E0D6D4 /* ExplorePage */,
				3F50BB3329D4632D00E0D6D4 /* Template Views */,
				3F50BB3229D4631900E0D6D4 /* Reservation Page */,
			);
			path = Views;
			sourceTree = "<group>";
		};
		3F50BB3129D462FE00E0D6D4 /* Reservation Page */ = {
			isa = PBXGroup;
			children = (
				3F50BB2729D2F18400E0D6D4 /* ReservationViewController.swift */,
				3F0BDACF29E0338F00F6638B /* ReservationConfirmationViewController.swift */,
			);
			path = "Reservation Page";
			sourceTree = "<group>";
		};
		3F50BB3229D4631900E0D6D4 /* Reservation Page */ = {
			isa = PBXGroup;
			children = (
				3F50BB3829D4657600E0D6D4 /* ImageWithLabelViewTableViewCell.swift */,
				3F50BB3A29D465AD00E0D6D4 /* LabelWithButtonViewTableViewCell.swift */,
				3F0BDAD129E0469600F6638B /* ReservationConfirmCustomCell.swift */,
			);
			path = "Reservation Page";
			sourceTree = "<group>";
		};
		3F50BB3329D4632D00E0D6D4 /* Template Views */ = {
			isa = PBXGroup;
			children = (
				3F50BB2529D2A61000E0D6D4 /* IconedLabelView.swift */,
				3F50BB2329D1D27300E0D6D4 /* SectionView.swift */,
				3F50BB2B29D406C300E0D6D4 /* StackViewWithCornorLabels.swift */,
			);
			path = "Template Views";
			sourceTree = "<group>";
		};
		3F50BB3429D4636200E0D6D4 /* Place Details View */ = {
			isa = PBXGroup;
			children = (
				3F17E8E229E4DAE30030CC02 /* SubVcs */,
				3F50BB0429CDD37400E0D6D4 /* PlaceDetailViewController.swift */,
				3F17E8E329E4DB410030CC02 /* UnreservedPlaceDetailViewController.swift */,
				3F17E8E529E4DD890030CC02 /* UnvisitedPlaceDetailViewController.swift */,
				3F17E8E729E4DDCB0030CC02 /* ReservedPlaceDetailViewController.swift */,
			);
			path = "Place Details View";
			sourceTree = "<group>";
		};
		3F50BB3529D4639800E0D6D4 /* Explore Page */ = {
			isa = PBXGroup;
			children = (
				3F50BB3C29D53F1700E0D6D4 /* ExplorePageViewController.swift */,
				3F0BDAB929DD3DD700F6638B /* PricePresentationViewController.swift */,
				3F531C3129E9D25E0043185C /* SearchViewController.swift */,
				3F531C3929EA94160043185C /* WhereSearchBarViewController.swift */,
			);
			path = "Explore Page";
			sourceTree = "<group>";
		};
		3F50BB4429D57FD100E0D6D4 /* ExplorePage */ = {
			isa = PBXGroup;
			children = (
				3F50BB3E29D53FF200E0D6D4 /* ImagesDisplayCollectionView.swift */,
				3F50BB4029D543B300E0D6D4 /* PlaceDetailCardView.swift */,
				3F0BDAC929DEF0DD00F6638B /* CustomCollectionViewCell.swift */,
				3F531C3529E9EAF90043185C /* CustomStepperView.swift */,
			);
			path = ExplorePage;
			sourceTree = "<group>";
		};
		3F50BB4529D5977800E0D6D4 /* Extensions */ = {
			isa = PBXGroup;
			children = (
				3F50BB4629D597DF00E0D6D4 /* UIButton+underline.swift */,
				3F50BB4829D598B400E0D6D4 /* UILabel+underline.swift */,
				3F50BB4B29D59FC600E0D6D4 /* UILabel+fontConfig.swift */,
				3F50BB4D29D5B3A300E0D6D4 /* UITextView+fontConfig.swift */,
				3F50BB4F29D6945700E0D6D4 /* UIView+configCustomTheme.swift */,
				3F0BDAC329DD9AC100F6638B /* UIView+Separator.swift */,
				3F0BDAD329E0557F00F6638B /* UIListContentConfiguration+fontConfig.swift */,
				3F0BDAD529E061F200F6638B /* UIView+Theme.swift */,
				3F531C2029E5B8170043185C /* UIButton+addBorder.swift */,
			);
			path = Extensions;
			sourceTree = "<group>";
		};
		3F50BB4A29D59DAB00E0D6D4 /* PlaceDetailsView */ = {
			isa = PBXGroup;
			children = (
				3F50BB0D29D09FA500E0D6D4 /* ReviewView.swift */,
				3F50BB1329D09FFB00E0D6D4 /* CommonDetailShowView.swift */,
				3F50BB1529D0A36600E0D6D4 /* RatingView.swift */,
				3F50BB1729D159BD00E0D6D4 /* ReviewCard.swift */,
				3F50BB1929D1736000E0D6D4 /* AmenitiesView.swift */,
				3F50BB0A29D03F4C00E0D6D4 /* AvailabilityDetailView.swift */,
				3F0BDAC129DD978900F6638B /* ReviewTableCell.swift */,
				3F531C1E29E5A0DD0043185C /* PriceDetails.swift */,
			);
			path = PlaceDetailsView;
			sourceTree = "<group>";
		};
		3F531C2429E5C9F30043185C /* Rating */ = {
			isa = PBXGroup;
			children = (
			);
			path = Rating;
			sourceTree = "<group>";
		};
		3F531C2729E818E40043185C /* Profile */ = {
			isa = PBXGroup;
			children = (
				3F531C2B29E81BE70043185C /* ProfileViewController.swift */,
				3F531C2D29E9A7C00043185C /* CurrencyViewController.swift */,
				3F531C2F29E9BACE0043185C /* InformationViewController.swift */,
			);
			path = Profile;
			sourceTree = "<group>";
		};
		3F531C2829E819300043185C /* Profile */ = {
			isa = PBXGroup;
			children = (
				3F531C2929E819500043185C /* ProfileHeaderView.swift */,
			);
			path = Profile;
			sourceTree = "<group>";
		};
/* End PBXGroup section */

/* Begin PBXNativeTarget section */
		3F50BAAA29CAFFB900E0D6D4 /* Xplore */ = {
			isa = PBXNativeTarget;
			buildConfigurationList = 3F50BABF29CAFFBC00E0D6D4 /* Build configuration list for PBXNativeTarget "Xplore" */;
			buildPhases = (
				3F50BAA729CAFFB900E0D6D4 /* Sources */,
				3F50BAA829CAFFB900E0D6D4 /* Frameworks */,
				3F50BAA929CAFFB900E0D6D4 /* Resources */,
			);
			buildRules = (
			);
			dependencies = (
			);
			name = Xplore;
			productName = Xplore;
			productReference = 3F50BAAB29CAFFB900E0D6D4 /* Xplore.app */;
			productType = "com.apple.product-type.application";
		};
/* End PBXNativeTarget section */

/* Begin PBXProject section */
		3F50BAA329CAFFB900E0D6D4 /* Project object */ = {
			isa = PBXProject;
			attributes = {
				BuildIndependentTargetsInParallel = 1;
				LastSwiftUpdateCheck = 1420;
				LastUpgradeCheck = 1420;
				TargetAttributes = {
					3F50BAAA29CAFFB900E0D6D4 = {
						CreatedOnToolsVersion = 14.2;
					};
				};
			};
			buildConfigurationList = 3F50BAA629CAFFB900E0D6D4 /* Build configuration list for PBXProject "Xplore" */;
			compatibilityVersion = "Xcode 14.0";
			developmentRegion = en;
			hasScannedForEncodings = 0;
			knownRegions = (
				en,
				Base,
			);
			mainGroup = 3F50BAA229CAFFB900E0D6D4;
			productRefGroup = 3F50BAAC29CAFFB900E0D6D4 /* Products */;
			projectDirPath = "";
			projectRoot = "";
			targets = (
				3F50BAAA29CAFFB900E0D6D4 /* Xplore */,
			);
		};
/* End PBXProject section */

/* Begin PBXResourcesBuildPhase section */
		3F50BAA929CAFFB900E0D6D4 /* Resources */ = {
			isa = PBXResourcesBuildPhase;
			buildActionMask = 2147483647;
			files = (
				3F50BABB29CAFFBC00E0D6D4 /* LaunchScreen.storyboard in Resources */,
				3F50BAB829CAFFBC00E0D6D4 /* Assets.xcassets in Resources */,
			);
			runOnlyForDeploymentPostprocessing = 0;
		};
/* End PBXResourcesBuildPhase section */

/* Begin PBXSourcesBuildPhase section */
		3F50BAA729CAFFB900E0D6D4 /* Sources */ = {
			isa = PBXSourcesBuildPhase;
			buildActionMask = 2147483647;
			files = (
				3F0BDAC429DD9AC100F6638B /* UIView+Separator.swift in Sources */,
				3F50BB0529CDD37400E0D6D4 /* PlaceDetailViewController.swift in Sources */,
				3F50BB4129D543B300E0D6D4 /* PlaceDetailCardView.swift in Sources */,
				3F531C3629E9EAF90043185C /* CustomStepperView.swift in Sources */,
				3F50BAC929CB2B9900E0D6D4 /* DatabaseController.swift in Sources */,
				3F50BB2229D1B04400E0D6D4 /* SafetyAndPropertyViewController.swift in Sources */,
				3F50BB3929D4657600E0D6D4 /* ImageWithLabelViewTableViewCell.swift in Sources */,
				3F50BB2629D2A61000E0D6D4 /* IconedLabelView.swift in Sources */,
				3F50BB5429D69D4500E0D6D4 /* FieldDetail.swift in Sources */,
				3F50BAD729CC4A2600E0D6D4 /* Location.swift in Sources */,
				3F0BDAC629DE9E1200F6638B /* FetchableImage.swift in Sources */,
				3F17E8DB29E3E39B0030CC02 /* MyTripViewController.swift in Sources */,
				3F50BB2829D2F18400E0D6D4 /* ReservationViewController.swift in Sources */,
				3F50BB0B29D03F4C00E0D6D4 /* AvailabilityDetailView.swift in Sources */,
				3F50BAE329CC7A2200E0D6D4 /* Rating.swift in Sources */,
				3F50BB3B29D465AD00E0D6D4 /* LabelWithButtonViewTableViewCell.swift in Sources */,
				3F50BB1429D09FFB00E0D6D4 /* CommonDetailShowView.swift in Sources */,
				3F50BB4E29D5B3A300E0D6D4 /* UITextView+fontConfig.swift in Sources */,
				3F0BDACA29DEF0DD00F6638B /* CustomCollectionViewCell.swift in Sources */,
				3F50BAB329CAFFB900E0D6D4 /* ViewController.swift in Sources */,
				3F531C2129E5B8170043185C /* UIButton+addBorder.swift in Sources */,
				3F0BDAD029E0338F00F6638B /* ReservationConfirmationViewController.swift in Sources */,
				3F50BACB29CB2BB400E0D6D4 /* DatabaseOperation.swift in Sources */,
				3F50BACF29CC46E500E0D6D4 /* DataHold.swift in Sources */,
				3F17E8D829E324CC0030CC02 /* LabelWithButtonView.swift in Sources */,
				3F50BB1E29D1B02300E0D6D4 /* CancellationPolicyViewController.swift in Sources */,
				3F0BDABE29DD659300F6638B /* ControlCenter.swift in Sources */,
				3F50BB5229D696BA00E0D6D4 /* SqliteWrapper.swift in Sources */,
				3F17E8D129E2EAD50030CC02 /* CustomLoginTextField.swift in Sources */,
				3F50BB2029D1B03000E0D6D4 /* HouseRulesViewController.swift in Sources */,
				3F17E8DD29E400F80030CC02 /* PageType.swift in Sources */,
				3F50BB1829D159BD00E0D6D4 /* ReviewCard.swift in Sources */,
				3F50BB1629D0A36600E0D6D4 /* RatingView.swift in Sources */,
				3F0BDAD229E0469600F6638B /* ReservationConfirmCustomCell.swift in Sources */,
				3F50BB2C29D406C300E0D6D4 /* StackViewWithCornorLabels.swift in Sources */,
				3F0BDAB529DC414300F6638B /* DBFactory.swift in Sources */,
				3F50BB5829D6A42500E0D6D4 /* FieldWithValue.swift in Sources */,
				3F50BB5629D69D8A00E0D6D4 /* FieldType.swift in Sources */,
				3F50BB0E29D09FA500E0D6D4 /* ReviewView.swift in Sources */,
				3F0BDAD629E061F200F6638B /* UIView+Theme.swift in Sources */,
				3F17E8E629E4DD890030CC02 /* UnvisitedPlaceDetailViewController.swift in Sources */,
				3F17E8D429E2EB370030CC02 /* LoginTemplateViewController.swift in Sources */,
				3F17E8E829E4DDCB0030CC02 /* ReservedPlaceDetailViewController.swift in Sources */,
				3F17E8DF29E406820030CC02 /* VisitedPlaceDetailViewController.swift in Sources */,
				3F50BAD929CC4A4800E0D6D4 /* Price.swift in Sources */,
				3F531C2C29E81BE70043185C /* ProfileViewController.swift in Sources */,
				3F50BADF29CC4E3600E0D6D4 /* Currency.swift in Sources */,
				3F0BDAC029DD921800F6638B /* ReviewPageViewController.swift in Sources */,
				3F50BB5029D6945700E0D6D4 /* UIView+configCustomTheme.swift in Sources */,
				3F50BB2429D1D27300E0D6D4 /* SectionView.swift in Sources */,
				3F531C2A29E819500043185C /* ProfileHeaderView.swift in Sources */,
				3F50BB1C29D19BDE00E0D6D4 /* AmenitiesViewController.swift in Sources */,
				3F50BACD29CB2DEE00E0D6D4 /* DatabaseOperationDelegate.swift in Sources */,
				3F50BB4329D55CC600E0D6D4 /* Constants.swift in Sources */,
				3F50BAE529CD210500E0D6D4 /* GeneralUtils.swift in Sources */,
				3F50BAD529CC48D200E0D6D4 /* Amenity.swift in Sources */,
				3F50BADD29CC4D6000E0D6D4 /* BookedTrip.swift in Sources */,
				3F50BB1A29D1736000E0D6D4 /* AmenitiesView.swift in Sources */,
				3F50BADB29CC4AC800E0D6D4 /* Review.swift in Sources */,
				3F531C3229E9D25E0043185C /* SearchViewController.swift in Sources */,
				3F50BB4C29D59FC600E0D6D4 /* UILabel+fontConfig.swift in Sources */,
				3F50BB3F29D53FF200E0D6D4 /* ImagesDisplayCollectionView.swift in Sources */,
				3F531C1F29E5A0DD0043185C /* PriceDetails.swift in Sources */,
				3F531C2329E5C4490043185C /* RatingAndReviewViewController.swift in Sources */,
				3F50BB4729D597DF00E0D6D4 /* UIButton+underline.swift in Sources */,
				3F0BDABA29DD3DD700F6638B /* PricePresentationViewController.swift in Sources */,
				3F50BAD129CC487C00E0D6D4 /* UserDetail.swift in Sources */,
				3F50BB0929CF767F00E0D6D4 /* CustomCalenderViewController.swift in Sources */,
				3F50BB4929D598B400E0D6D4 /* UILabel+underline.swift in Sources */,
				3F17E8D629E2F37A0030CC02 /* CustomPasswordTextField.swift in Sources */,
				3F50BAAF29CAFFB900E0D6D4 /* AppDelegate.swift in Sources */,
				3F0BDAC829DE9FF600F6638B /* FetchableImageHelper.swift in Sources */,
				3F0BDAB829DC456900F6638B /* PlaceDBController.swift in Sources */,
				3F50BAD329CC48AE00E0D6D4 /* TravelPlaceDetail.swift in Sources */,
				3F17E8EB29E4E9C70030CC02 /* WishListViewController.swift in Sources */,
				3F531C2E29E9A7C00043185C /* CurrencyViewController.swift in Sources */,
				3F50BB3D29D53F1700E0D6D4 /* ExplorePageViewController.swift in Sources */,
				3F50BB5C29D6A53500E0D6D4 /* EqualityOperator.swift in Sources */,
				3F50BB3729D4647F00E0D6D4 /* UIUtils.swift in Sources */,
				3F17E8E129E440E40030CC02 /* CancelReservationPageViewController.swift in Sources */,
				3F531C3A29EA94160043185C /* WhereSearchBarViewController.swift in Sources */,
				3F50BAB129CAFFB900E0D6D4 /* SceneDelegate.swift in Sources */,
				3F531C3029E9BACE0043185C /* InformationViewController.swift in Sources */,
				3F50BB5A29D6A4D900E0D6D4 /* QueryCondition.swift in Sources */,
				3F17E8E429E4DB410030CC02 /* UnreservedPlaceDetailViewController.swift in Sources */,
				3F0BDAD429E0557F00F6638B /* UIListContentConfiguration+fontConfig.swift in Sources */,
				3F531C3429E9DAF80043185C /* AvailabilityCalenderViewController.swift in Sources */,
				3F0BDAC229DD978900F6638B /* ReviewTableCell.swift in Sources */,
				3F50BAE929CD673300E0D6D4 /* MainTabViewController.swift in Sources */,
			);
			runOnlyForDeploymentPostprocessing = 0;
		};
/* End PBXSourcesBuildPhase section */

/* Begin PBXVariantGroup section */
		3F50BAB929CAFFBC00E0D6D4 /* LaunchScreen.storyboard */ = {
			isa = PBXVariantGroup;
			children = (
				3F50BABA29CAFFBC00E0D6D4 /* Base */,
			);
			name = LaunchScreen.storyboard;
			sourceTree = "<group>";
		};
/* End PBXVariantGroup section */

/* Begin XCBuildConfiguration section */
		3F50BABD29CAFFBC00E0D6D4 /* Debug */ = {
			isa = XCBuildConfiguration;
			buildSettings = {
				ALWAYS_SEARCH_USER_PATHS = NO;
				CLANG_ANALYZER_NONNULL = YES;
				CLANG_ANALYZER_NUMBER_OBJECT_CONVERSION = YES_AGGRESSIVE;
				CLANG_CXX_LANGUAGE_STANDARD = "gnu++20";
				CLANG_ENABLE_MODULES = YES;
				CLANG_ENABLE_OBJC_ARC = YES;
				CLANG_ENABLE_OBJC_WEAK = YES;
				CLANG_WARN_BLOCK_CAPTURE_AUTORELEASING = YES;
				CLANG_WARN_BOOL_CONVERSION = YES;
				CLANG_WARN_COMMA = YES;
				CLANG_WARN_CONSTANT_CONVERSION = YES;
				CLANG_WARN_DEPRECATED_OBJC_IMPLEMENTATIONS = YES;
				CLANG_WARN_DIRECT_OBJC_ISA_USAGE = YES_ERROR;
				CLANG_WARN_DOCUMENTATION_COMMENTS = YES;
				CLANG_WARN_EMPTY_BODY = YES;
				CLANG_WARN_ENUM_CONVERSION = YES;
				CLANG_WARN_INFINITE_RECURSION = YES;
				CLANG_WARN_INT_CONVERSION = YES;
				CLANG_WARN_NON_LITERAL_NULL_CONVERSION = YES;
				CLANG_WARN_OBJC_IMPLICIT_RETAIN_SELF = YES;
				CLANG_WARN_OBJC_LITERAL_CONVERSION = YES;
				CLANG_WARN_OBJC_ROOT_CLASS = YES_ERROR;
				CLANG_WARN_QUOTED_INCLUDE_IN_FRAMEWORK_HEADER = YES;
				CLANG_WARN_RANGE_LOOP_ANALYSIS = YES;
				CLANG_WARN_STRICT_PROTOTYPES = YES;
				CLANG_WARN_SUSPICIOUS_MOVE = YES;
				CLANG_WARN_UNGUARDED_AVAILABILITY = YES_AGGRESSIVE;
				CLANG_WARN_UNREACHABLE_CODE = YES;
				CLANG_WARN__DUPLICATE_METHOD_MATCH = YES;
				COPY_PHASE_STRIP = NO;
				DEBUG_INFORMATION_FORMAT = dwarf;
				ENABLE_STRICT_OBJC_MSGSEND = YES;
				ENABLE_TESTABILITY = YES;
				GCC_C_LANGUAGE_STANDARD = gnu11;
				GCC_DYNAMIC_NO_PIC = NO;
				GCC_NO_COMMON_BLOCKS = YES;
				GCC_OPTIMIZATION_LEVEL = 0;
				GCC_PREPROCESSOR_DEFINITIONS = (
					"DEBUG=1",
					"$(inherited)",
				);
				GCC_WARN_64_TO_32_BIT_CONVERSION = YES;
				GCC_WARN_ABOUT_RETURN_TYPE = YES_ERROR;
				GCC_WARN_UNDECLARED_SELECTOR = YES;
				GCC_WARN_UNINITIALIZED_AUTOS = YES_AGGRESSIVE;
				GCC_WARN_UNUSED_FUNCTION = YES;
				GCC_WARN_UNUSED_VARIABLE = YES;
				IPHONEOS_DEPLOYMENT_TARGET = 16.2;
				MTL_ENABLE_DEBUG_INFO = INCLUDE_SOURCE;
				MTL_FAST_MATH = YES;
				ONLY_ACTIVE_ARCH = YES;
				SDKROOT = iphoneos;
				SWIFT_ACTIVE_COMPILATION_CONDITIONS = DEBUG;
				SWIFT_OPTIMIZATION_LEVEL = "-Onone";
			};
			name = Debug;
		};
		3F50BABE29CAFFBC00E0D6D4 /* Release */ = {
			isa = XCBuildConfiguration;
			buildSettings = {
				ALWAYS_SEARCH_USER_PATHS = NO;
				CLANG_ANALYZER_NONNULL = YES;
				CLANG_ANALYZER_NUMBER_OBJECT_CONVERSION = YES_AGGRESSIVE;
				CLANG_CXX_LANGUAGE_STANDARD = "gnu++20";
				CLANG_ENABLE_MODULES = YES;
				CLANG_ENABLE_OBJC_ARC = YES;
				CLANG_ENABLE_OBJC_WEAK = YES;
				CLANG_WARN_BLOCK_CAPTURE_AUTORELEASING = YES;
				CLANG_WARN_BOOL_CONVERSION = YES;
				CLANG_WARN_COMMA = YES;
				CLANG_WARN_CONSTANT_CONVERSION = YES;
				CLANG_WARN_DEPRECATED_OBJC_IMPLEMENTATIONS = YES;
				CLANG_WARN_DIRECT_OBJC_ISA_USAGE = YES_ERROR;
				CLANG_WARN_DOCUMENTATION_COMMENTS = YES;
				CLANG_WARN_EMPTY_BODY = YES;
				CLANG_WARN_ENUM_CONVERSION = YES;
				CLANG_WARN_INFINITE_RECURSION = YES;
				CLANG_WARN_INT_CONVERSION = YES;
				CLANG_WARN_NON_LITERAL_NULL_CONVERSION = YES;
				CLANG_WARN_OBJC_IMPLICIT_RETAIN_SELF = YES;
				CLANG_WARN_OBJC_LITERAL_CONVERSION = YES;
				CLANG_WARN_OBJC_ROOT_CLASS = YES_ERROR;
				CLANG_WARN_QUOTED_INCLUDE_IN_FRAMEWORK_HEADER = YES;
				CLANG_WARN_RANGE_LOOP_ANALYSIS = YES;
				CLANG_WARN_STRICT_PROTOTYPES = YES;
				CLANG_WARN_SUSPICIOUS_MOVE = YES;
				CLANG_WARN_UNGUARDED_AVAILABILITY = YES_AGGRESSIVE;
				CLANG_WARN_UNREACHABLE_CODE = YES;
				CLANG_WARN__DUPLICATE_METHOD_MATCH = YES;
				COPY_PHASE_STRIP = NO;
				DEBUG_INFORMATION_FORMAT = "dwarf-with-dsym";
				ENABLE_NS_ASSERTIONS = NO;
				ENABLE_STRICT_OBJC_MSGSEND = YES;
				GCC_C_LANGUAGE_STANDARD = gnu11;
				GCC_NO_COMMON_BLOCKS = YES;
				GCC_WARN_64_TO_32_BIT_CONVERSION = YES;
				GCC_WARN_ABOUT_RETURN_TYPE = YES_ERROR;
				GCC_WARN_UNDECLARED_SELECTOR = YES;
				GCC_WARN_UNINITIALIZED_AUTOS = YES_AGGRESSIVE;
				GCC_WARN_UNUSED_FUNCTION = YES;
				GCC_WARN_UNUSED_VARIABLE = YES;
				IPHONEOS_DEPLOYMENT_TARGET = 16.2;
				MTL_ENABLE_DEBUG_INFO = NO;
				MTL_FAST_MATH = YES;
				SDKROOT = iphoneos;
				SWIFT_COMPILATION_MODE = wholemodule;
				SWIFT_OPTIMIZATION_LEVEL = "-O";
				VALIDATE_PRODUCT = YES;
			};
			name = Release;
		};
		3F50BAC029CAFFBC00E0D6D4 /* Debug */ = {
			isa = XCBuildConfiguration;
			buildSettings = {
				ASSETCATALOG_COMPILER_APPICON_NAME = AppIcon;
				ASSETCATALOG_COMPILER_GLOBAL_ACCENT_COLOR_NAME = AccentColor;
				CODE_SIGN_STYLE = Automatic;
				CURRENT_PROJECT_VERSION = 1;
				DEVELOPMENT_TEAM = 295N44AAZ9;
				GENERATE_INFOPLIST_FILE = YES;
				INFOPLIST_FILE = Xplore/Info.plist;
				INFOPLIST_KEY_UIApplicationSupportsIndirectInputEvents = YES;
				INFOPLIST_KEY_UILaunchStoryboardName = LaunchScreen;
				INFOPLIST_KEY_UISupportedInterfaceOrientations_iPad = "UIInterfaceOrientationPortrait UIInterfaceOrientationPortraitUpsideDown UIInterfaceOrientationLandscapeLeft UIInterfaceOrientationLandscapeRight";
				INFOPLIST_KEY_UISupportedInterfaceOrientations_iPhone = "UIInterfaceOrientationPortrait UIInterfaceOrientationLandscapeLeft UIInterfaceOrientationLandscapeRight";
				LD_RUNPATH_SEARCH_PATHS = (
					"$(inherited)",
					"@executable_path/Frameworks",
				);
				MARKETING_VERSION = 1.0;
				PRODUCT_BUNDLE_IDENTIFIER = Nothing.Xplore;
				PRODUCT_NAME = "$(TARGET_NAME)";
				SWIFT_EMIT_LOC_STRINGS = YES;
				SWIFT_VERSION = 5.0;
				TARGETED_DEVICE_FAMILY = "1,2";
			};
			name = Debug;
		};
		3F50BAC129CAFFBC00E0D6D4 /* Release */ = {
			isa = XCBuildConfiguration;
			buildSettings = {
				ASSETCATALOG_COMPILER_APPICON_NAME = AppIcon;
				ASSETCATALOG_COMPILER_GLOBAL_ACCENT_COLOR_NAME = AccentColor;
				CODE_SIGN_STYLE = Automatic;
				CURRENT_PROJECT_VERSION = 1;
				DEVELOPMENT_TEAM = 295N44AAZ9;
				GENERATE_INFOPLIST_FILE = YES;
				INFOPLIST_FILE = Xplore/Info.plist;
				INFOPLIST_KEY_UIApplicationSupportsIndirectInputEvents = YES;
				INFOPLIST_KEY_UILaunchStoryboardName = LaunchScreen;
				INFOPLIST_KEY_UISupportedInterfaceOrientations_iPad = "UIInterfaceOrientationPortrait UIInterfaceOrientationPortraitUpsideDown UIInterfaceOrientationLandscapeLeft UIInterfaceOrientationLandscapeRight";
				INFOPLIST_KEY_UISupportedInterfaceOrientations_iPhone = "UIInterfaceOrientationPortrait UIInterfaceOrientationLandscapeLeft UIInterfaceOrientationLandscapeRight";
				LD_RUNPATH_SEARCH_PATHS = (
					"$(inherited)",
					"@executable_path/Frameworks",
				);
				MARKETING_VERSION = 1.0;
				PRODUCT_BUNDLE_IDENTIFIER = Nothing.Xplore;
				PRODUCT_NAME = "$(TARGET_NAME)";
				SWIFT_EMIT_LOC_STRINGS = YES;
				SWIFT_VERSION = 5.0;
				TARGETED_DEVICE_FAMILY = "1,2";
			};
			name = Release;
		};
/* End XCBuildConfiguration section */

/* Begin XCConfigurationList section */
		3F50BAA629CAFFB900E0D6D4 /* Build configuration list for PBXProject "Xplore" */ = {
			isa = XCConfigurationList;
			buildConfigurations = (
				3F50BABD29CAFFBC00E0D6D4 /* Debug */,
				3F50BABE29CAFFBC00E0D6D4 /* Release */,
			);
			defaultConfigurationIsVisible = 0;
			defaultConfigurationName = Release;
		};
		3F50BABF29CAFFBC00E0D6D4 /* Build configuration list for PBXNativeTarget "Xplore" */ = {
			isa = XCConfigurationList;
			buildConfigurations = (
				3F50BAC029CAFFBC00E0D6D4 /* Debug */,
				3F50BAC129CAFFBC00E0D6D4 /* Release */,
			);
			defaultConfigurationIsVisible = 0;
			defaultConfigurationName = Release;
		};
/* End XCConfigurationList section */
	};
	rootObject = 3F50BAA329CAFFB900E0D6D4 /* Project object */;
}
